
Microsoft Visual Studio Solution File, Format Version 12.00
# Visual Studio Version 17
VisualStudioVersion = 17.5.33209.295
MinimumVisualStudioVersion = 10.0.40219.1
Project("{2150E333-8FDC-42A3-9474-1A3956D46DE8}") = "docs", "docs", "{A52385A0-0EB3-40CF-8BCE-9AC2B7E311E0}"
	ProjectSection(SolutionItems) = preProject
		README.md = README.md
	EndProjectSection
EndProject
Project("{2150E333-8FDC-42A3-9474-1A3956D46DE8}") = "Bench", "Bench", "{557EF1CE-2733-4642-9665-767F1796FCB5}"
	ProjectSection(SolutionItems) = preProject
		docs\Bench\Overall.bat = docs\Bench\Overall.bat
	EndProjectSection
EndProject
Project("{6EC3EE1D-3C4E-46DD-8F32-0CC8E7565705}") = "FlounderTest", "FlounderTest\FlounderTest.fsproj", "{DBF1397C-0A24-4589-90D3-63663A472363}"
EndProject
Project("{6EC3EE1D-3C4E-46DD-8F32-0CC8E7565705}") = "FlounderBench", "FlounderBench\FlounderBench.fsproj", "{9C707431-4E59-49CC-9D12-1FABE3670264}"
EndProject
Project("{6EC3EE1D-3C4E-46DD-8F32-0CC8E7565705}") = "Flounder", "Flounder\Flounder.fsproj", "{20574595-0AD4-41F0-B080-A31A41DD7515}"
EndProject
Project("{6EC3EE1D-3C4E-46DD-8F32-0CC8E7565705}") = "FlounderLib", "FlounderLib\FlounderLib.fsproj", "{0D347039-ED17-4159-988F-1E7F12716762}"
EndProject
Project("{2150E333-8FDC-42A3-9474-1A3956D46DE8}") = "Tester", "Tester", "{BB717AFA-FA4F-4234-9636-5EF08BBA11BC}"
	ProjectSection(SolutionItems) = preProject
		docs\Tester\Broken.bat = docs\Tester\Broken.bat
		docs\Tester\broken.epd = docs\Tester\broken.epd
		docs\Tester\Tester.bat = docs\Tester\Tester.bat
		docs\Tester\uciwacnew.epd = docs\Tester\uciwacnew.epd
		docs\Tester\wacnew.epd = docs\Tester\wacnew.epd
	EndProjectSection
EndProject
Project("{6EC3EE1D-3C4E-46DD-8F32-0CC8E7565705}") = "NNUE_Reader", "NNUE_Reader\NNUE_Reader.fsproj", "{EE78E802-9039-4E4A-B975-A7806D5F5778}"
EndProject
Global
	GlobalSection(SolutionConfigurationPlatforms) = preSolution
		Debug|Any CPU = Debug|Any CPU
		Release|Any CPU = Release|Any CPU
	EndGlobalSection
	GlobalSection(ProjectConfigurationPlatforms) = postSolution
		{DBF1397C-0A24-4589-90D3-63663A472363}.Debug|Any CPU.ActiveCfg = Debug|Any CPU
		{DBF1397C-0A24-4589-90D3-63663A472363}.Debug|Any CPU.Build.0 = Debug|Any CPU
		{DBF1397C-0A24-4589-90D3-63663A472363}.Release|Any CPU.ActiveCfg = Release|Any CPU
		{DBF1397C-0A24-4589-90D3-63663A472363}.Release|Any CPU.Build.0 = Release|Any CPU
		{9C707431-4E59-49CC-9D12-1FABE3670264}.Debug|Any CPU.ActiveCfg = Debug|Any CPU
		{9C707431-4E59-49CC-9D12-1FABE3670264}.Debug|Any CPU.Build.0 = Debug|Any CPU
		{9C707431-4E59-49CC-9D12-1FABE3670264}.Release|Any CPU.ActiveCfg = Release|Any CPU
		{9C707431-4E59-49CC-9D12-1FABE3670264}.Release|Any CPU.Build.0 = Release|Any CPU
		{20574595-0AD4-41F0-B080-A31A41DD7515}.Debug|Any CPU.ActiveCfg = Debug|Any CPU
		{20574595-0AD4-41F0-B080-A31A41DD7515}.Debug|Any CPU.Build.0 = Debug|Any CPU
		{20574595-0AD4-41F0-B080-A31A41DD7515}.Release|Any CPU.ActiveCfg = Release|Any CPU
		{20574595-0AD4-41F0-B080-A31A41DD7515}.Release|Any CPU.Build.0 = Release|Any CPU
		{0D347039-ED17-4159-988F-1E7F12716762}.Debug|Any CPU.ActiveCfg = Debug|Any CPU
		{0D347039-ED17-4159-988F-1E7F12716762}.Debug|Any CPU.Build.0 = Debug|Any CPU
		{0D347039-ED17-4159-988F-1E7F12716762}.Release|Any CPU.ActiveCfg = Release|Any CPU
		{0D347039-ED17-4159-988F-1E7F12716762}.Release|Any CPU.Build.0 = Release|Any CPU
		{EE78E802-9039-4E4A-B975-A7806D5F5778}.Debug|Any CPU.ActiveCfg = Debug|Any CPU
		{EE78E802-9039-4E4A-B975-A7806D5F5778}.Debug|Any CPU.Build.0 = Debug|Any CPU
		{EE78E802-9039-4E4A-B975-A7806D5F5778}.Release|Any CPU.ActiveCfg = Release|Any CPU
		{EE78E802-9039-4E4A-B975-A7806D5F5778}.Release|Any CPU.Build.0 = Release|Any CPU
	EndGlobalSection
	GlobalSection(SolutionProperties) = preSolution
		HideSolutionNode = FALSE
	EndGlobalSection
	GlobalSection(NestedProjects) = preSolution
		{557EF1CE-2733-4642-9665-767F1796FCB5} = {A52385A0-0EB3-40CF-8BCE-9AC2B7E311E0}
		{BB717AFA-FA4F-4234-9636-5EF08BBA11BC} = {A52385A0-0EB3-40CF-8BCE-9AC2B7E311E0}
	EndGlobalSection
	GlobalSection(ExtensibilityGlobals) = postSolution
		SolutionGuid = {ECC9DCFF-DB5B-471D-8840-93EB1016831F}
	EndGlobalSection
EndGlobal
