
Microsoft Visual Studio Solution File, Format Version 12.00
# Visual Studio Version 18
VisualStudioVersion = 18.6.11822.322 stable
MinimumVisualStudioVersion = 10.0.40219.1
Project("{2150E333-8FDC-42A3-9474-1A3956D46DE8}") = "docs", "docs", "{A52385A0-0EB3-40CF-8BCE-9AC2B7E311E0}"
	ProjectSection(SolutionItems) = preProject
		flounder.png = flounder.png
		README.md = README.md
	EndProjectSection
EndProject
Project("{2150E333-8FDC-42A3-9474-1A3956D46DE8}") = "Bench", "Bench", "{557EF1CE-2733-4642-9665-767F1796FCB5}"
	ProjectSection(SolutionItems) = preProject
		docs\Bench\Overall.bat = docs\Bench\Overall.bat
	EndProjectSection
EndProject
Project("{6EC3EE1D-3C4E-46DD-8F32-0CC8E7565705}") = "FlounderTest", "FlounderTest\FlounderTest.fsproj", "{DBF1397C-0A24-4589-90D3-63663A472363}"
EndProject
Project("{6EC3EE1D-3C4E-46DD-8F32-0CC8E7565705}") = "FlounderBench", "FlounderBench\FlounderBench.fsproj", "{9C707431-4E59-49CC-9D12-1FABE3670264}"
EndProject
Project("{6EC3EE1D-3C4E-46DD-8F32-0CC8E7565705}") = "Flounder", "Flounder\Flounder.fsproj", "{20574595-0AD4-41F0-B080-A31A41DD7515}"
EndProject
Project("{2150E333-8FDC-42A3-9474-1A3956D46DE8}") = "Tester", "Tester", "{BB717AFA-FA4F-4234-9636-5EF08BBA11BC}"
	ProjectSection(SolutionItems) = preProject
		docs\Tester\Broken.bat = docs\Tester\Broken.bat
		docs\Tester\broken.epd = docs\Tester\broken.epd
		docs\Tester\Tester.bat = docs\Tester\Tester.bat
		docs\Tester\uciwacnew.epd = docs\Tester\uciwacnew.epd
		docs\Tester\wacnew.epd = docs\Tester\wacnew.epd
	EndProjectSection
EndProject
Global
	GlobalSection(SolutionConfigurationPlatforms) = preSolution
		Debug|Any CPU = Debug|Any CPU
		Release|Any CPU = Release|Any CPU
	EndGlobalSection
	GlobalSection(ProjectConfigurationPlatforms) = postSolution
		{DBF1397C-0A24-4589-90D3-63663A472363}.Debug|Any CPU.ActiveCfg = Debug|Any CPU
		{DBF1397C-0A24-4589-90D3-63663A472363}.Debug|Any CPU.Build.0 = Debug|Any CPU
		{DBF1397C-0A24-4589-90D3-63663A472363}.Release|Any CPU.ActiveCfg = Release|Any CPU
		{DBF1397C-0A24-4589-90D3-63663A472363}.Release|Any CPU.Build.0 = Release|Any CPU
		{9C707431-4E59-49CC-9D12-1FABE3670264}.Debug|Any CPU.ActiveCfg = Debug|Any CPU
		{9C707431-4E59-49CC-9D12-1FABE3670264}.Debug|Any CPU.Build.0 = Debug|Any CPU
		{9C707431-4E59-49CC-9D12-1FABE3670264}.Release|Any CPU.ActiveCfg = Release|Any CPU
		{9C707431-4E59-49CC-9D12-1FABE3670264}.Release|Any CPU.Build.0 = Release|Any CPU
		{20574595-0AD4-41F0-B080-A31A41DD7515}.Debug|Any CPU.ActiveCfg = Debug|Any CPU
		{20574595-0AD4-41F0-B080-A31A41DD7515}.Debug|Any CPU.Build.0 = Debug|Any CPU
		{20574595-0AD4-41F0-B080-A31A41DD7515}.Release|Any CPU.ActiveCfg = Release|Any CPU
		{20574595-0AD4-41F0-B080-A31A41DD7515}.Release|Any CPU.Build.0 = Release|Any CPU
	EndGlobalSection
	GlobalSection(SolutionProperties) = preSolution
		HideSolutionNode = FALSE
	EndGlobalSection
EndGlobal
